{
  "requires": true,
  "lockfileVersion": 1,
  "dependencies": {
    "canvas-gauges": {
      "version": "2.1.5",
      "resolved": "https://registry.npmjs.org/canvas-gauges/-/canvas-gauges-2.1.5.tgz",
      "integrity": "sha512-7GUd1uukePQPQPIoM8Sh4UrG8om+2RG+D8WN5BCkIp9wAfByzPuZZinsUkfFCyRrEOZ/rhuwBfFnb1ld8IfNrw=="
    }
  }
}
